
Microsoft Visual Studio Solution File, Format Version 12.00
# Visual Studio Version 17
VisualStudioVersion = 17.9.34714.143
MinimumVisualStudioVersion = 10.0.40219.1
Project("{9A19103F-16F7-4668-BE54-9A1E7A4F7556}") = "DevaLokaVillaAPI", "DevaLokaVillaAPI\DevaLokaVillaAPI.csproj", "{86142FBA-AE0F-4175-8EBD-9CAD198D0BAD}"
EndProject
Project("{9A19103F-16F7-4668-BE54-9A1E7A4F7556}") = "DevaLokaVilla_WebApp", "DevaLokaVilla_WebApp\DevaLokaVilla_WebApp.csproj", "{F235BA0A-CAA8-49CA-9570-80AD3F4425E2}"
EndProject
Project("{FAE04EC0-301F-11D3-BF4B-00C04F79EFBC}") = "DevaLokaVilla_Utility", "DevaLokaVilla_Utility\DevaLokaVilla_Utility.csproj", "{5A480B0F-37D2-44E8-89BA-A7EFBD1F54CA}"
EndProject
Global
	GlobalSection(SolutionConfigurationPlatforms) = preSolution
		Debug|Any CPU = Debug|Any CPU
		Release|Any CPU = Release|Any CPU
	EndGlobalSection
	GlobalSection(ProjectConfigurationPlatforms) = postSolution
		{86142FBA-AE0F-4175-8EBD-9CAD198D0BAD}.Debug|Any CPU.ActiveCfg = Debug|Any CPU
		{86142FBA-AE0F-4175-8EBD-9CAD198D0BAD}.Debug|Any CPU.Build.0 = Debug|Any CPU
		{86142FBA-AE0F-4175-8EBD-9CAD198D0BAD}.Release|Any CPU.ActiveCfg = Release|Any CPU
		{86142FBA-AE0F-4175-8EBD-9CAD198D0BAD}.Release|Any CPU.Build.0 = Release|Any CPU
		{F235BA0A-CAA8-49CA-9570-80AD3F4425E2}.Debug|Any CPU.ActiveCfg = Debug|Any CPU
		{F235BA0A-CAA8-49CA-9570-80AD3F4425E2}.Debug|Any CPU.Build.0 = Debug|Any CPU
		{F235BA0A-CAA8-49CA-9570-80AD3F4425E2}.Release|Any CPU.ActiveCfg = Release|Any CPU
		{F235BA0A-CAA8-49CA-9570-80AD3F4425E2}.Release|Any CPU.Build.0 = Release|Any CPU
		{5A480B0F-37D2-44E8-89BA-A7EFBD1F54CA}.Debug|Any CPU.ActiveCfg = Debug|Any CPU
		{5A480B0F-37D2-44E8-89BA-A7EFBD1F54CA}.Debug|Any CPU.Build.0 = Debug|Any CPU
		{5A480B0F-37D2-44E8-89BA-A7EFBD1F54CA}.Release|Any CPU.ActiveCfg = Release|Any CPU
		{5A480B0F-37D2-44E8-89BA-A7EFBD1F54CA}.Release|Any CPU.Build.0 = Release|Any CPU
	EndGlobalSection
	GlobalSection(SolutionProperties) = preSolution
		HideSolutionNode = FALSE
	EndGlobalSection
	GlobalSection(ExtensibilityGlobals) = postSolution
		SolutionGuid = {432BE246-A86E-4833-80BC-7202356C6B79}
	EndGlobalSection
EndGlobal
